{
  "name": "backend",
  "version": "1.9.12",
  "lockfileVersion": 3,
  "requires": true,
  "packages": {
    "": {
      "name": "backend",
      "version": "1.9.12",
      "license": "ISC",
      "dependencies": {
        "bcrypt": "6.0.0",
        "cors": "2.8.6",
        "dotenv": "17.4.2",
        "exceljs": "4.4.0",
        "express": "5.2.1",
        "express-rate-limit": "8.6.1",
        "googleapis": "173.0.0",
        "helmet": "8.3.0",
        "ipaddr.js": "1.9.1",
        "jsonwebtoken": "9.0.3",
        "mysql2": "3.23.2"
      },
      "devDependencies": {
        "nodemon": "3.1.14"
      }
    }
  }
}
